
Microsoft Visual Studio Solution File, Format Version 12.00
# Visual Studio 15
VisualStudioVersion = 15.0.28307.852
MinimumVisualStudioVersion = 10.0.40219.1
Project("{FAE04EC0-301F-11D3-BF4B-00C04F79EFBC}") = "RegularPolygons", "RegularPolygons\RegularPolygons.csproj", "{DE767A80-3246-4FF4-ABD8-21882D735CDC}"
EndProject
Global
	GlobalSection(SolutionConfigurationPlatforms) = preSolution
		Debug|Any CPU = Debug|Any CPU
		Release|Any CPU = Release|Any CPU
	EndGlobalSection
	GlobalSection(ProjectConfigurationPlatforms) = postSolution
		{DE767A80-3246-4FF4-ABD8-21882D735CDC}.Debug|Any CPU.ActiveCfg = Debug|Any CPU
		{DE767A80-3246-4FF4-ABD8-21882D735CDC}.Debug|Any CPU.Build.0 = Debug|Any CPU
		{DE767A80-3246-4FF4-ABD8-21882D735CDC}.Release|Any CPU.ActiveCfg = Release|Any CPU
		{DE767A80-3246-4FF4-ABD8-21882D735CDC}.Release|Any CPU.Build.0 = Release|Any CPU
	EndGlobalSection
	GlobalSection(SolutionProperties) = preSolution
		HideSolutionNode = FALSE
	EndGlobalSection
	GlobalSection(ExtensibilityGlobals) = postSolution
		SolutionGuid = {12CB2709-84E3-419A-80D4-9563253ED344}
	EndGlobalSection
EndGlobal
